{
  "name": "tree-sitter-wasm-rust-example",
  "version": "0.1.0",
  "lockfileVersion": 3,
  "requires": true,
  "packages": {
    "": {
      "name": "tree-sitter-wasm-rust-example",
      "version": "0.1.0",
      "dependencies": {
        "web-tree-sitter": "^0.20.8"
      },
      "devDependencies": {
        "tree-sitter-cli": "^0.20.8"
      }
    },
    "node_modules/tree-sitter-cli": {
      "version": "0.20.8",
      "resolved": "https://registry.npmjs.org/tree-sitter-cli/-/tree-sitter-cli-0.20.8.tgz",
      "integrity": "sha512-XjTcS3wdTy/2cc/ptMLc/WRyOLECRYcMTrSWyhZnj1oGSOWbHLTklgsgRICU3cPfb0vy+oZCC33M43u6R1HSCA==",
      "dev": true,
      "hasInstallScript": true,
      "license": "MIT",
      "bin": {
        "tree-sitter": "cli.js"
      }
    },
    "node_modules/web-tree-sitter": {
      "version": "0.20.8",
      "resolved": "https://registry.npmjs.org/web-tree-sitter/-/web-tree-sitter-0.20.8.tgz",
      "integrity": "sha512-weOVgZ3aAARgdnb220GqYuh7+rZU0Ka9k9yfKtGAzEYMa6GgiCzW9JjQRJyCJakvibQW+dfjJdihjInKuuCAUQ==",
      "license": "MIT"
    }
  }
}
